
Microsoft Visual Studio Solution File, Format Version 12.00
# Visual Studio 15
VisualStudioVersion = 15.0.28307.1062
MinimumVisualStudioVersion = 10.0.40219.1
Project("{9A19103F-16F7-4668-BE54-9A1E7A4F7556}") = "TextAnalysis", "TextAnalysis\TextAnalysis.csproj", "{1A8327D8-5C19-461B-8D73-A14C360FE99D}"
EndProject
Project("{9A19103F-16F7-4668-BE54-9A1E7A4F7556}") = "TextAnalysisML.Model", "TextAnalysisML.Model\TextAnalysisML.Model.csproj", "{8BAD93A0-53BF-44FE-BB81-705089D86C32}"
EndProject
Project("{9A19103F-16F7-4668-BE54-9A1E7A4F7556}") = "TextAnalysisML.ConsoleApp", "TextAnalysisML.ConsoleApp\TextAnalysisML.ConsoleApp.csproj", "{53273AC4-FA10-449B-8348-7702CF9920EC}"
EndProject
Global
	GlobalSection(SolutionConfigurationPlatforms) = preSolution
		Debug|Any CPU = Debug|Any CPU
		Release|Any CPU = Release|Any CPU
	EndGlobalSection
	GlobalSection(ProjectConfigurationPlatforms) = postSolution
		{1A8327D8-5C19-461B-8D73-A14C360FE99D}.Debug|Any CPU.ActiveCfg = Debug|Any CPU
		{1A8327D8-5C19-461B-8D73-A14C360FE99D}.Debug|Any CPU.Build.0 = Debug|Any CPU
		{1A8327D8-5C19-461B-8D73-A14C360FE99D}.Release|Any CPU.ActiveCfg = Release|Any CPU
		{1A8327D8-5C19-461B-8D73-A14C360FE99D}.Release|Any CPU.Build.0 = Release|Any CPU
		{8BAD93A0-53BF-44FE-BB81-705089D86C32}.Debug|Any CPU.ActiveCfg = Debug|Any CPU
		{8BAD93A0-53BF-44FE-BB81-705089D86C32}.Debug|Any CPU.Build.0 = Debug|Any CPU
		{8BAD93A0-53BF-44FE-BB81-705089D86C32}.Release|Any CPU.ActiveCfg = Release|Any CPU
		{8BAD93A0-53BF-44FE-BB81-705089D86C32}.Release|Any CPU.Build.0 = Release|Any CPU
		{53273AC4-FA10-449B-8348-7702CF9920EC}.Debug|Any CPU.ActiveCfg = Debug|Any CPU
		{53273AC4-FA10-449B-8348-7702CF9920EC}.Debug|Any CPU.Build.0 = Debug|Any CPU
		{53273AC4-FA10-449B-8348-7702CF9920EC}.Release|Any CPU.ActiveCfg = Release|Any CPU
		{53273AC4-FA10-449B-8348-7702CF9920EC}.Release|Any CPU.Build.0 = Release|Any CPU
	EndGlobalSection
	GlobalSection(SolutionProperties) = preSolution
		HideSolutionNode = FALSE
	EndGlobalSection
	GlobalSection(ExtensibilityGlobals) = postSolution
		SolutionGuid = {4834B6F9-5FF9-4899-BC5A-C4CC4BB17D5B}
	EndGlobalSection
EndGlobal
